Microsoft Visual Studio Solution File, Format Version 12.00
# Visual Studio 2012
Project("{FAE04EC0-301F-11D3-BF4B-00C04F79EFBC}") = "OpenMMO", "OpenMMO.csproj", "{3B6A58DE-4EC9-4465-81F5-89CFF8A23385}"
EndProject
Global
	GlobalSection(SolutionConfigurationPlatforms) = preSolution
	Debug|Any CPU = Debug|Any CPU
	ExportDebug|Any CPU = ExportDebug|Any CPU
	ExportRelease|Any CPU = ExportRelease|Any CPU
	EndGlobalSection
	GlobalSection(ProjectConfigurationPlatforms) = postSolution
		{3B6A58DE-4EC9-4465-81F5-89CFF8A23385}.Debug|Any CPU.ActiveCfg = Debug|Any CPU
		{3B6A58DE-4EC9-4465-81F5-89CFF8A23385}.Debug|Any CPU.Build.0 = Debug|Any CPU
		{3B6A58DE-4EC9-4465-81F5-89CFF8A23385}.ExportDebug|Any CPU.ActiveCfg = ExportDebug|Any CPU
		{3B6A58DE-4EC9-4465-81F5-89CFF8A23385}.ExportDebug|Any CPU.Build.0 = ExportDebug|Any CPU
		{3B6A58DE-4EC9-4465-81F5-89CFF8A23385}.ExportRelease|Any CPU.ActiveCfg = ExportRelease|Any CPU
		{3B6A58DE-4EC9-4465-81F5-89CFF8A23385}.ExportRelease|Any CPU.Build.0 = ExportRelease|Any CPU
	EndGlobalSection
EndGlobal
